
Microsoft Visual Studio Solution File, Format Version 12.00
# Visual Studio Version 17
VisualStudioVersion = 17.12.35527.113
MinimumVisualStudioVersion = 10.0.40219.1
Project("{FAE04EC0-301F-11D3-BF4B-00C04F79EFBC}") = "Customer", "Customer\Customer.csproj", "{C9978B5C-C26C-4A36-B5B6-DF960F1FC438}"
EndProject
Project("{2150E333-8FDC-42A3-9474-1A3956D46DE8}") = "Solution Items", "Solution Items", "{35AEDF32-9B47-4C26-B8F4-AE21C682F8AA}"
	ProjectSection(SolutionItems) = preProject
		README.md = README.md
	EndProjectSection
EndProject
Global
	GlobalSection(SolutionConfigurationPlatforms) = preSolution
		Debug|Any CPU = Debug|Any CPU
		Release|Any CPU = Release|Any CPU
	EndGlobalSection
	GlobalSection(ProjectConfigurationPlatforms) = postSolution
		{C9978B5C-C26C-4A36-B5B6-DF960F1FC438}.Debug|Any CPU.ActiveCfg = Debug|Any CPU
		{C9978B5C-C26C-4A36-B5B6-DF960F1FC438}.Debug|Any CPU.Build.0 = Debug|Any CPU
		{C9978B5C-C26C-4A36-B5B6-DF960F1FC438}.Release|Any CPU.ActiveCfg = Release|Any CPU
		{C9978B5C-C26C-4A36-B5B6-DF960F1FC438}.Release|Any CPU.Build.0 = Release|Any CPU
	EndGlobalSection
	GlobalSection(SolutionProperties) = preSolution
		HideSolutionNode = FALSE
	EndGlobalSection
EndGlobal
